PODS:
  - Crashlytics (3.8.6):
    - Fabric (~> 1.6.3)
  - Fabric (1.6.13)
  - Kingfisher (3.13.1)
  - ObjectMapper (2.2.9)
  - RxCocoa (3.6.1):
    - RxSwift (~> 3.6)
  - RxSwift (3.6.1)
  - RxTableAndCollectionView (1.1.5):
    - RxCocoa
    - RxSwift
  - SAAdLoader (1.1.6):
    - SAModelSpace (= 0.5.2)
    - SANetworking (= 0.3.0)
    - SASession (= 0.3.6)
    - SAUtils (= 1.5.2)
    - SAVASTParser (= 1.7.2)
  - SABumperPage (1.0.4)
  - SAEvents (1.9.5):
    - SAEvents/Core (= 1.9.5)
    - SAModelSpace (= 0.5.2)
    - SANetworking (= 0.3.0)
    - SASession (= 0.3.6)
    - SAUtils (= 1.5.2)
  - SAEvents/Core (1.9.5):
    - SAModelSpace (= 0.5.2)
    - SANetworking (= 0.3.0)
    - SASession (= 0.3.6)
    - SAUtils (= 1.5.2)
  - SAEvents/Moat (1.9.5):
    - SAEvents/Core
    - SAModelSpace (= 0.5.2)
    - SANetworking (= 0.3.0)
    - SASession (= 0.3.6)
    - SAUtils (= 1.5.2)
  - SAJsonParser (1.3.3)
  - SAModelSpace (0.5.2):
    - SAJsonParser (= 1.3.3)
    - SAUtils (= 1.5.2)
  - SANetworking (0.3.0)
  - SAParentalGate (1.0.1)
  - SASession (0.3.6):
    - SAUtils (= 1.5.2)
  - SAUtils (1.5.2)
  - SAVASTParser (1.7.2):
    - SAModelSpace (= 0.5.2)
    - SANetworking (= 0.3.0)
    - SAUtils (= 1.5.2)
  - SAVideoPlayer (1.2.3)
  - SAWebPlayer (1.2.3):
    - SANetworking (= 0.3.0)
  - SuperAwesome (6.1.4):
    - SuperAwesome/Full (= 6.1.4)
  - SuperAwesome/Base (6.1.4):
    - SAAdLoader (= 1.1.6)
    - SABumperPage (= 1.0.4)
    - SAEvents (= 1.9.5)
    - SAParentalGate (= 1.0.1)
    - SAVideoPlayer (= 1.2.3)
    - SAWebPlayer (= 1.2.3)
  - SuperAwesome/Full (6.1.4):
    - SAEvents/Moat
    - SuperAwesome/Base

DEPENDENCIES:
  - Crashlytics
  - Fabric
  - Kingfisher (~> 3.0)
  - ObjectMapper (~> 2.2)
  - RxCocoa
  - RxSwift
  - RxTableAndCollectionView (= 1.1.5)
  - SuperAwesome (= 6.1.4)

SPEC CHECKSUMS:
  Crashlytics: 95d05f4e4c19a771250c4bd9ce344d996de32bbf
  Fabric: 2fb5676bc811af011a04513451f463dac6803206
  Kingfisher: ed9707a409cc47fddafbcd12a43a9757e3600af5
  ObjectMapper: 63cfe41bc6f8e7c8f44344c49901b8ae7de14c52
  RxCocoa: 84a08739ab186248c7f31ce4ee92d6f8a947d690
  RxSwift: f9de85ea20cd2f7716ee5409fc13523dc638e4e4
  RxTableAndCollectionView: e589efbf099aae0f9951712fb3b883fdc393db1d
  SAAdLoader: 02019644af4c7c0996da8ff1241da7e9637e1fc4
  SABumperPage: 5469654531f5e400299eeced6ee902921d1be708
  SAEvents: 3b5e89e90474613f3ca70211e55a92b528cf586e
  SAJsonParser: 528ef25b7cf7f362164731a7aa8401bc89dc4cf5
  SAModelSpace: 991b9e167f34ca7473b33e7e82eaae2428505c25
  SANetworking: 4abd5443131b7dc3ca373f83f156045d7e7d0836
  SAParentalGate: 1e2b0fe4de7047398955b7dafef53ad55fe26130
  SASession: 4d3b3825661fdc741702203e68b9c4f08170144e
  SAUtils: c0d6c68af97b4fdc18a1dcc613f9b5cde25b78f8
  SAVASTParser: 14c7f38beb9299c4d2324d4c0d49380587ddcc34
  SAVideoPlayer: 61fa1c928b6712428d8513dbffad818e8132d0b0
  SAWebPlayer: 53311d0e14e87992b9c4cb6797639ff079d6d283
  SuperAwesome: 9f06310f3e2fa133ecab0c1a3c5a6655ca923195

PODFILE CHECKSUM: bd953feea811e72e57df18da6f5b8fa229750785

COCOAPODS: 1.2.1
