// !$*UTF8*$!
{
	archiveVersion = 1;
	classes = {
	};
	objectVersion = 46;
	objects = {

/* Begin PBXBuildFile section */
		1B0A21EA1DE8A03000E6C889 /* AdFormat.swift in Sources */ = {isa = PBXBuildFile; fileRef = 1B0A21E91DE8A03000E6C889 /* AdFormat.swift */; };
		1B0A21F51DE8AD4800E6C889 /* SettingsController.swift in Sources */ = {isa = PBXBuildFile; fileRef = 1B0A21F41DE8AD4800E6C889 /* SettingsController.swift */; };
		1B2E9E831F7E926E00128D75 /* PlacementRow.swift in Sources */ = {isa = PBXBuildFile; fileRef = 1B2E9E821F7E926E00128D75 /* PlacementRow.swift */; };
		1B2E9E871F7E929F00128D75 /* PlacementViewModel.swift in Sources */ = {isa = PBXBuildFile; fileRef = 1B2E9E861F7E929F00128D75 /* PlacementViewModel.swift */; };
		1B2E9E8A1F7E97BE00128D75 /* Store.swift in Sources */ = {isa = PBXBuildFile; fileRef = 1B2E9E891F7E97BE00128D75 /* Store.swift */; };
		1B2E9E8C1F7E97D100128D75 /* Events.swift in Sources */ = {isa = PBXBuildFile; fileRef = 1B2E9E8B1F7E97D100128D75 /* Events.swift */; };
		1B2E9E901F7E97DE00128D75 /* Reducers.swift in Sources */ = {isa = PBXBuildFile; fileRef = 1B2E9E8F1F7E97DE00128D75 /* Reducers.swift */; };
		1B2E9E921F7E97E400128D75 /* State.swift in Sources */ = {isa = PBXBuildFile; fileRef = 1B2E9E911F7E97E400128D75 /* State.swift */; };
		1B2E9E951F83954E00128D75 /* LoadController.swift in Sources */ = {isa = PBXBuildFile; fileRef = 1B2E9E941F83954E00128D75 /* LoadController.swift */; };
		1B2E9E971F83D2D500128D75 /* CompaniesViewModel.swift in Sources */ = {isa = PBXBuildFile; fileRef = 1B2E9E961F83D2D500128D75 /* CompaniesViewModel.swift */; };
		1B2E9E9B1F83D88500128D75 /* SABaseViewController+Store.swift in Sources */ = {isa = PBXBuildFile; fileRef = 1B2E9E9A1F83D88500128D75 /* SABaseViewController+Store.swift */; };
		1B2E9E9D1F83DB9000128D75 /* CompaniesDataSource.swift in Sources */ = {isa = PBXBuildFile; fileRef = 1B2E9E9C1F83DB9000128D75 /* CompaniesDataSource.swift */; };
		1B2E9E9F1F83DBBF00128D75 /* CompanyViewModel.swift in Sources */ = {isa = PBXBuildFile; fileRef = 1B2E9E9E1F83DBBF00128D75 /* CompanyViewModel.swift */; };
		1B2E9EA11F83E4E800128D75 /* MainDataSource.swift in Sources */ = {isa = PBXBuildFile; fileRef = 1B2E9EA01F83E4E800128D75 /* MainDataSource.swift */; };
		1B46E6161DE8445000353E8C /* AppDelegate.swift in Sources */ = {isa = PBXBuildFile; fileRef = 1B46E6151DE8445000353E8C /* AppDelegate.swift */; };
		1B46E61B1DE8445000353E8C /* Main.storyboard in Resources */ = {isa = PBXBuildFile; fileRef = 1B46E6191DE8445000353E8C /* Main.storyboard */; };
		1B46E61D1DE8445000353E8C /* Assets.xcassets in Resources */ = {isa = PBXBuildFile; fileRef = 1B46E61C1DE8445000353E8C /* Assets.xcassets */; };
		1B46E6201DE8445000353E8C /* LaunchScreen.storyboard in Resources */ = {isa = PBXBuildFile; fileRef = 1B46E61E1DE8445000353E8C /* LaunchScreen.storyboard */; };
		1B4A518B1DEDEDD40041DE7B /* DisplayController.swift in Sources */ = {isa = PBXBuildFile; fileRef = 1B4A518A1DEDEDD40041DE7B /* DisplayController.swift */; };
		1B4A518D1DEDFEC20041DE7B /* SABaseViewController.swift in Sources */ = {isa = PBXBuildFile; fileRef = 1B4A518C1DEDFEC20041DE7B /* SABaseViewController.swift */; };
		1B520BAE1EAA42B9006FD05E /* SANavigationController.swift in Sources */ = {isa = PBXBuildFile; fileRef = 1B520BAD1EAA42B9006FD05E /* SANavigationController.swift */; };
		1B56355F1DEC7E7C00EEA239 /* SettingsRow.swift in Sources */ = {isa = PBXBuildFile; fileRef = 1B56355E1DEC7E7C00EEA239 /* SettingsRow.swift */; };
		1B5635611DEC803C00EEA239 /* SettingsProvider.swift in Sources */ = {isa = PBXBuildFile; fileRef = 1B5635601DEC803C00EEA239 /* SettingsProvider.swift */; };
		1B5635631DEC804600EEA239 /* SettingsViewModel.swift in Sources */ = {isa = PBXBuildFile; fileRef = 1B5635621DEC804600EEA239 /* SettingsViewModel.swift */; };
		1B68752B1F0503F3003FC719 /* MainController.swift in Sources */ = {isa = PBXBuildFile; fileRef = 1B68752A1F0503F3003FC719 /* MainController.swift */; };
		1B904C601F0E7D39008254FB /* Request.swift in Sources */ = {isa = PBXBuildFile; fileRef = 1B904C5F1F0E7D39008254FB /* Request.swift */; };
		1B904C621F0E7D4A008254FB /* Task.swift in Sources */ = {isa = PBXBuildFile; fileRef = 1B904C611F0E7D4A008254FB /* Task.swift */; };
		1B904C641F0E7D5E008254FB /* AAErrors.swift in Sources */ = {isa = PBXBuildFile; fileRef = 1B904C631F0E7D5E008254FB /* AAErrors.swift */; };
		1B904C671F0E7DB5008254FB /* NetworkRequest.swift in Sources */ = {isa = PBXBuildFile; fileRef = 1B904C661F0E7DB5008254FB /* NetworkRequest.swift */; };
		1B904C691F0E7DBD008254FB /* NetworkTask.swift in Sources */ = {isa = PBXBuildFile; fileRef = 1B904C681F0E7DBD008254FB /* NetworkTask.swift */; };
		1B904C711F0E8404008254FB /* LogedUser.swift in Sources */ = {isa = PBXBuildFile; fileRef = 1B904C701F0E8404008254FB /* LogedUser.swift */; };
		1B904C731F0E840B008254FB /* UserProfile.swift in Sources */ = {isa = PBXBuildFile; fileRef = 1B904C721F0E840B008254FB /* UserProfile.swift */; };
		1B904C751F0E8705008254FB /* ParseTask.swift in Sources */ = {isa = PBXBuildFile; fileRef = 1B904C741F0E8705008254FB /* ParseTask.swift */; };
		1B904C771F0E881F008254FB /* App.swift in Sources */ = {isa = PBXBuildFile; fileRef = 1B904C761F0E881F008254FB /* App.swift */; };
		1B904C791F0E8840008254FB /* Placement.swift in Sources */ = {isa = PBXBuildFile; fileRef = 1B904C781F0E8840008254FB /* Placement.swift */; };
		1B904C7B1F0E88B9008254FB /* Company.swift in Sources */ = {isa = PBXBuildFile; fileRef = 1B904C7A1F0E88B9008254FB /* Company.swift */; };
		1B904C7F1F0E8D58008254FB /* DataStore.swift in Sources */ = {isa = PBXBuildFile; fileRef = 1B904C7E1F0E8D58008254FB /* DataStore.swift */; };
		1B904C821F0E903D008254FB /* Workers.swift in Sources */ = {isa = PBXBuildFile; fileRef = 1B904C811F0E903D008254FB /* Workers.swift */; };
		1B904C841F0E9051008254FB /* Workers+Login.swift in Sources */ = {isa = PBXBuildFile; fileRef = 1B904C831F0E9051008254FB /* Workers+Login.swift */; };
		1B904C861F0E9059008254FB /* Workers+Profile.swift in Sources */ = {isa = PBXBuildFile; fileRef = 1B904C851F0E9059008254FB /* Workers+Profile.swift */; };
		1B904C881F0E9062008254FB /* Workers+Apps.swift in Sources */ = {isa = PBXBuildFile; fileRef = 1B904C871F0E9062008254FB /* Workers+Apps.swift */; };
		1B904C8A1F0E9351008254FB /* UserMetadata.swift in Sources */ = {isa = PBXBuildFile; fileRef = 1B904C891F0E9351008254FB /* UserMetadata.swift */; };
		1B904C8C1F0EA16E008254FB /* Extensions.swift in Sources */ = {isa = PBXBuildFile; fileRef = 1B904C8B1F0EA16E008254FB /* Extensions.swift */; };
		1B904C931F0FC912008254FB /* MainViewModel.swift in Sources */ = {isa = PBXBuildFile; fileRef = 1B904C921F0FC912008254FB /* MainViewModel.swift */; };
		1B904C9A1F137CDF008254FB /* NetworkData.swift in Sources */ = {isa = PBXBuildFile; fileRef = 1B904C991F137CDF008254FB /* NetworkData.swift */; };
		1B904C9C1F138216008254FB /* Workers+Companies.swift in Sources */ = {isa = PBXBuildFile; fileRef = 1B904C9B1F138216008254FB /* Workers+Companies.swift */; };
		1B904C9F1F1384BA008254FB /* CompaniesController.swift in Sources */ = {isa = PBXBuildFile; fileRef = 1B904C9E1F1384BA008254FB /* CompaniesController.swift */; };
		1B904CA11F1384CD008254FB /* CompanyRow.swift in Sources */ = {isa = PBXBuildFile; fileRef = 1B904CA01F1384CD008254FB /* CompanyRow.swift */; };
		1B904CA31F139B85008254FB /* Permission.swift in Sources */ = {isa = PBXBuildFile; fileRef = 1B904CA21F139B85008254FB /* Permission.swift */; };
		1B974A151E016E3C00CE9EA7 /* SATextField.swift in Sources */ = {isa = PBXBuildFile; fileRef = 1B974A141E016E3C00CE9EA7 /* SATextField.swift */; };
		1B993B4B1E0300E400EE5001 /* AwesomeAdsDemo_Tests.swift in Sources */ = {isa = PBXBuildFile; fileRef = 1B993B4A1E0300E400EE5001 /* AwesomeAdsDemo_Tests.swift */; };
		1BBA88E91DFFFE0B00C94553 /* Localizable.strings in Resources */ = {isa = PBXBuildFile; fileRef = 1BBA88EB1DFFFE0B00C94553 /* Localizable.strings */; };
		1BBA88ED1DFFFE2200C94553 /* SAString.swift in Sources */ = {isa = PBXBuildFile; fileRef = 1BBA88EC1DFFFE2200C94553 /* SAString.swift */; };
		1BFD63861DEF37B0003F7F31 /* AdRx.swift in Sources */ = {isa = PBXBuildFile; fileRef = 1BFD63851DEF37B0003F7F31 /* AdRx.swift */; };
		1BFEA6AE1E89281A0023807D /* LoginController.swift in Sources */ = {isa = PBXBuildFile; fileRef = 1BFEA6AD1E89281A0023807D /* LoginController.swift */; };
		1BFEA6BE1E896E2D0023807D /* CreativesController.swift in Sources */ = {isa = PBXBuildFile; fileRef = 1BFEA6BD1E896E2D0023807D /* CreativesController.swift */; };
		1BFEA6C01E8971CA0023807D /* CreativesViewModel.swift in Sources */ = {isa = PBXBuildFile; fileRef = 1BFEA6BF1E8971CA0023807D /* CreativesViewModel.swift */; };
		1BFEA6C21E8971D80023807D /* CreativesRow.swift in Sources */ = {isa = PBXBuildFile; fileRef = 1BFEA6C11E8971D80023807D /* CreativesRow.swift */; };
		1BFEA6F21E8AA6960023807D /* IntroController.swift in Sources */ = {isa = PBXBuildFile; fileRef = 1BFEA6F11E8AA6960023807D /* IntroController.swift */; };
		A46DEE548FD973A1468758F8 /* Pods_AwesomeAdsDemo_Tests.framework in Frameworks */ = {isa = PBXBuildFile; fileRef = E3F5702359C203239A84065A /* Pods_AwesomeAdsDemo_Tests.framework */; };
		F8B9F3E8F7C56D3DE9379010 /* Pods_AwesomeAdsDemo.framework in Frameworks */ = {isa = PBXBuildFile; fileRef = 008D1EB627B2B25BBA775A79 /* Pods_AwesomeAdsDemo.framework */; };
/* End PBXBuildFile section */

/* Begin PBXContainerItemProxy section */
		1B993B4D1E0300E400EE5001 /* PBXContainerItemProxy */ = {
			isa = PBXContainerItemProxy;
			containerPortal = 1B46E60A1DE8445000353E8C /* Project object */;
			proxyType = 1;
			remoteGlobalIDString = 1B46E6111DE8445000353E8C;
			remoteInfo = AwesomeAdsDemo;
		};
/* End PBXContainerItemProxy section */

/* Begin PBXFileReference section */
		008D1EB627B2B25BBA775A79 /* Pods_AwesomeAdsDemo.framework */ = {isa = PBXFileReference; explicitFileType = wrapper.framework; includeInIndex = 0; path = Pods_AwesomeAdsDemo.framework; sourceTree = BUILT_PRODUCTS_DIR; };
		191FC589F141CFCC3A687886 /* Pods-AwesomeAdsDemo.release.xcconfig */ = {isa = PBXFileReference; includeInIndex = 1; lastKnownFileType = text.xcconfig; name = "Pods-AwesomeAdsDemo.release.xcconfig"; path = "Pods/Target Support Files/Pods-AwesomeAdsDemo/Pods-AwesomeAdsDemo.release.xcconfig"; sourceTree = "<group>"; };
		1B0A21E91DE8A03000E6C889 /* AdFormat.swift */ = {isa = PBXFileReference; fileEncoding = 4; lastKnownFileType = sourcecode.swift; path = AdFormat.swift; sourceTree = "<group>"; };
		1B0A21ED1DE8A0F900E6C889 /* AwesomeAdsDemo-Bridging-Header.h */ = {isa = PBXFileReference; lastKnownFileType = sourcecode.c.h; path = "AwesomeAdsDemo-Bridging-Header.h"; sourceTree = "<group>"; };
		1B0A21F41DE8AD4800E6C889 /* SettingsController.swift */ = {isa = PBXFileReference; fileEncoding = 4; lastKnownFileType = sourcecode.swift; path = SettingsController.swift; sourceTree = "<group>"; };
		1B2E9E821F7E926E00128D75 /* PlacementRow.swift */ = {isa = PBXFileReference; fileEncoding = 4; lastKnownFileType = sourcecode.swift; path = PlacementRow.swift; sourceTree = "<group>"; };
		1B2E9E861F7E929F00128D75 /* PlacementViewModel.swift */ = {isa = PBXFileReference; fileEncoding = 4; lastKnownFileType = sourcecode.swift; path = PlacementViewModel.swift; sourceTree = "<group>"; };
		1B2E9E891F7E97BE00128D75 /* Store.swift */ = {isa = PBXFileReference; fileEncoding = 4; lastKnownFileType = sourcecode.swift; path = Store.swift; sourceTree = "<group>"; };
		1B2E9E8B1F7E97D100128D75 /* Events.swift */ = {isa = PBXFileReference; fileEncoding = 4; lastKnownFileType = sourcecode.swift; path = Events.swift; sourceTree = "<group>"; };
		1B2E9E8F1F7E97DE00128D75 /* Reducers.swift */ = {isa = PBXFileReference; fileEncoding = 4; lastKnownFileType = sourcecode.swift; path = Reducers.swift; sourceTree = "<group>"; };
		1B2E9E911F7E97E400128D75 /* State.swift */ = {isa = PBXFileReference; fileEncoding = 4; lastKnownFileType = sourcecode.swift; path = State.swift; sourceTree = "<group>"; };
		1B2E9E941F83954E00128D75 /* LoadController.swift */ = {isa = PBXFileReference; fileEncoding = 4; lastKnownFileType = sourcecode.swift; path = LoadController.swift; sourceTree = "<group>"; };
		1B2E9E961F83D2D500128D75 /* CompaniesViewModel.swift */ = {isa = PBXFileReference; fileEncoding = 4; lastKnownFileType = sourcecode.swift; path = CompaniesViewModel.swift; sourceTree = "<group>"; };
		1B2E9E9A1F83D88500128D75 /* SABaseViewController+Store.swift */ = {isa = PBXFileReference; fileEncoding = 4; lastKnownFileType = sourcecode.swift; path = "SABaseViewController+Store.swift"; sourceTree = "<group>"; };
		1B2E9E9C1F83DB9000128D75 /* CompaniesDataSource.swift */ = {isa = PBXFileReference; fileEncoding = 4; lastKnownFileType = sourcecode.swift; path = CompaniesDataSource.swift; sourceTree = "<group>"; };
		1B2E9E9E1F83DBBF00128D75 /* CompanyViewModel.swift */ = {isa = PBXFileReference; fileEncoding = 4; lastKnownFileType = sourcecode.swift; path = CompanyViewModel.swift; sourceTree = "<group>"; };
		1B2E9EA01F83E4E800128D75 /* MainDataSource.swift */ = {isa = PBXFileReference; fileEncoding = 4; lastKnownFileType = sourcecode.swift; path = MainDataSource.swift; sourceTree = "<group>"; };
		1B46E6121DE8445000353E8C /* AwesomeAdsDemo.app */ = {isa = PBXFileReference; explicitFileType = wrapper.application; includeInIndex = 0; path = AwesomeAdsDemo.app; sourceTree = BUILT_PRODUCTS_DIR; };
		1B46E6151DE8445000353E8C /* AppDelegate.swift */ = {isa = PBXFileReference; lastKnownFileType = sourcecode.swift; path = AppDelegate.swift; sourceTree = "<group>"; };
		1B46E61A1DE8445000353E8C /* Base */ = {isa = PBXFileReference; lastKnownFileType = file.storyboard; name = Base; path = Base.lproj/Main.storyboard; sourceTree = "<group>"; };
		1B46E61C1DE8445000353E8C /* Assets.xcassets */ = {isa = PBXFileReference; lastKnownFileType = folder.assetcatalog; path = Assets.xcassets; sourceTree = "<group>"; };
		1B46E61F1DE8445000353E8C /* Base */ = {isa = PBXFileReference; lastKnownFileType = file.storyboard; name = Base; path = Base.lproj/LaunchScreen.storyboard; sourceTree = "<group>"; };
		1B46E6211DE8445000353E8C /* Info.plist */ = {isa = PBXFileReference; lastKnownFileType = text.plist.xml; path = Info.plist; sourceTree = "<group>"; };
		1B4A518A1DEDEDD40041DE7B /* DisplayController.swift */ = {isa = PBXFileReference; fileEncoding = 4; lastKnownFileType = sourcecode.swift; path = DisplayController.swift; sourceTree = "<group>"; };
		1B4A518C1DEDFEC20041DE7B /* SABaseViewController.swift */ = {isa = PBXFileReference; fileEncoding = 4; lastKnownFileType = sourcecode.swift; path = SABaseViewController.swift; sourceTree = "<group>"; };
		1B520BAD1EAA42B9006FD05E /* SANavigationController.swift */ = {isa = PBXFileReference; fileEncoding = 4; lastKnownFileType = sourcecode.swift; path = SANavigationController.swift; sourceTree = "<group>"; };
		1B56355E1DEC7E7C00EEA239 /* SettingsRow.swift */ = {isa = PBXFileReference; fileEncoding = 4; lastKnownFileType = sourcecode.swift; path = SettingsRow.swift; sourceTree = "<group>"; };
		1B5635601DEC803C00EEA239 /* SettingsProvider.swift */ = {isa = PBXFileReference; fileEncoding = 4; lastKnownFileType = sourcecode.swift; path = SettingsProvider.swift; sourceTree = "<group>"; };
		1B5635621DEC804600EEA239 /* SettingsViewModel.swift */ = {isa = PBXFileReference; fileEncoding = 4; lastKnownFileType = sourcecode.swift; path = SettingsViewModel.swift; sourceTree = "<group>"; };
		1B68752A1F0503F3003FC719 /* MainController.swift */ = {isa = PBXFileReference; fileEncoding = 4; lastKnownFileType = sourcecode.swift; path = MainController.swift; sourceTree = "<group>"; };
		1B904C5F1F0E7D39008254FB /* Request.swift */ = {isa = PBXFileReference; fileEncoding = 4; lastKnownFileType = sourcecode.swift; path = Request.swift; sourceTree = "<group>"; };
		1B904C611F0E7D4A008254FB /* Task.swift */ = {isa = PBXFileReference; fileEncoding = 4; lastKnownFileType = sourcecode.swift; path = Task.swift; sourceTree = "<group>"; };
		1B904C631F0E7D5E008254FB /* AAErrors.swift */ = {isa = PBXFileReference; fileEncoding = 4; lastKnownFileType = sourcecode.swift; path = AAErrors.swift; sourceTree = "<group>"; };
		1B904C661F0E7DB5008254FB /* NetworkRequest.swift */ = {isa = PBXFileReference; fileEncoding = 4; lastKnownFileType = sourcecode.swift; path = NetworkRequest.swift; sourceTree = "<group>"; };
		1B904C681F0E7DBD008254FB /* NetworkTask.swift */ = {isa = PBXFileReference; fileEncoding = 4; lastKnownFileType = sourcecode.swift; path = NetworkTask.swift; sourceTree = "<group>"; };
		1B904C701F0E8404008254FB /* LogedUser.swift */ = {isa = PBXFileReference; fileEncoding = 4; lastKnownFileType = sourcecode.swift; path = LogedUser.swift; sourceTree = "<group>"; };
		1B904C721F0E840B008254FB /* UserProfile.swift */ = {isa = PBXFileReference; fileEncoding = 4; lastKnownFileType = sourcecode.swift; path = UserProfile.swift; sourceTree = "<group>"; };
		1B904C741F0E8705008254FB /* ParseTask.swift */ = {isa = PBXFileReference; fileEncoding = 4; lastKnownFileType = sourcecode.swift; path = ParseTask.swift; sourceTree = "<group>"; };
		1B904C761F0E881F008254FB /* App.swift */ = {isa = PBXFileReference; fileEncoding = 4; lastKnownFileType = sourcecode.swift; path = App.swift; sourceTree = "<group>"; };
		1B904C781F0E8840008254FB /* Placement.swift */ = {isa = PBXFileReference; fileEncoding = 4; lastKnownFileType = sourcecode.swift; path = Placement.swift; sourceTree = "<group>"; };
		1B904C7A1F0E88B9008254FB /* Company.swift */ = {isa = PBXFileReference; fileEncoding = 4; lastKnownFileType = sourcecode.swift; path = Company.swift; sourceTree = "<group>"; };
		1B904C7E1F0E8D58008254FB /* DataStore.swift */ = {isa = PBXFileReference; fileEncoding = 4; lastKnownFileType = sourcecode.swift; path = DataStore.swift; sourceTree = "<group>"; };
		1B904C811F0E903D008254FB /* Workers.swift */ = {isa = PBXFileReference; fileEncoding = 4; lastKnownFileType = sourcecode.swift; path = Workers.swift; sourceTree = "<group>"; };
		1B904C831F0E9051008254FB /* Workers+Login.swift */ = {isa = PBXFileReference; fileEncoding = 4; lastKnownFileType = sourcecode.swift; path = "Workers+Login.swift"; sourceTree = "<group>"; };
		1B904C851F0E9059008254FB /* Workers+Profile.swift */ = {isa = PBXFileReference; fileEncoding = 4; lastKnownFileType = sourcecode.swift; path = "Workers+Profile.swift"; sourceTree = "<group>"; };
		1B904C871F0E9062008254FB /* Workers+Apps.swift */ = {isa = PBXFileReference; fileEncoding = 4; lastKnownFileType = sourcecode.swift; path = "Workers+Apps.swift"; sourceTree = "<group>"; };
		1B904C891F0E9351008254FB /* UserMetadata.swift */ = {isa = PBXFileReference; fileEncoding = 4; lastKnownFileType = sourcecode.swift; path = UserMetadata.swift; sourceTree = "<group>"; };
		1B904C8B1F0EA16E008254FB /* Extensions.swift */ = {isa = PBXFileReference; fileEncoding = 4; lastKnownFileType = sourcecode.swift; path = Extensions.swift; sourceTree = "<group>"; };
		1B904C921F0FC912008254FB /* MainViewModel.swift */ = {isa = PBXFileReference; fileEncoding = 4; lastKnownFileType = sourcecode.swift; path = MainViewModel.swift; sourceTree = "<group>"; };
		1B904C991F137CDF008254FB /* NetworkData.swift */ = {isa = PBXFileReference; fileEncoding = 4; lastKnownFileType = sourcecode.swift; path = NetworkData.swift; sourceTree = "<group>"; };
		1B904C9B1F138216008254FB /* Workers+Companies.swift */ = {isa = PBXFileReference; fileEncoding = 4; lastKnownFileType = sourcecode.swift; path = "Workers+Companies.swift"; sourceTree = "<group>"; };
		1B904C9E1F1384BA008254FB /* CompaniesController.swift */ = {isa = PBXFileReference; fileEncoding = 4; lastKnownFileType = sourcecode.swift; path = CompaniesController.swift; sourceTree = "<group>"; };
		1B904CA01F1384CD008254FB /* CompanyRow.swift */ = {isa = PBXFileReference; fileEncoding = 4; lastKnownFileType = sourcecode.swift; path = CompanyRow.swift; sourceTree = "<group>"; };
		1B904CA21F139B85008254FB /* Permission.swift */ = {isa = PBXFileReference; fileEncoding = 4; lastKnownFileType = sourcecode.swift; path = Permission.swift; sourceTree = "<group>"; };
		1B974A141E016E3C00CE9EA7 /* SATextField.swift */ = {isa = PBXFileReference; fileEncoding = 4; lastKnownFileType = sourcecode.swift; path = SATextField.swift; sourceTree = "<group>"; };
		1B993B481E0300E300EE5001 /* AwesomeAdsDemo_Tests.xctest */ = {isa = PBXFileReference; explicitFileType = wrapper.cfbundle; includeInIndex = 0; path = AwesomeAdsDemo_Tests.xctest; sourceTree = BUILT_PRODUCTS_DIR; };
		1B993B4A1E0300E400EE5001 /* AwesomeAdsDemo_Tests.swift */ = {isa = PBXFileReference; lastKnownFileType = sourcecode.swift; path = AwesomeAdsDemo_Tests.swift; sourceTree = "<group>"; };
		1B993B4C1E0300E400EE5001 /* Info.plist */ = {isa = PBXFileReference; lastKnownFileType = text.plist.xml; path = Info.plist; sourceTree = "<group>"; };
		1BBA88E61DFFFD5700C94553 /* en */ = {isa = PBXFileReference; lastKnownFileType = text.plist.strings; name = en; path = en.lproj/Main.strings; sourceTree = "<group>"; };
		1BBA88EA1DFFFE0B00C94553 /* Base */ = {isa = PBXFileReference; lastKnownFileType = text.plist.strings; name = Base; path = Base.lproj/Localizable.strings; sourceTree = "<group>"; };
		1BBA88EC1DFFFE2200C94553 /* SAString.swift */ = {isa = PBXFileReference; fileEncoding = 4; lastKnownFileType = sourcecode.swift; path = SAString.swift; sourceTree = "<group>"; };
		1BFD63851DEF37B0003F7F31 /* AdRx.swift */ = {isa = PBXFileReference; fileEncoding = 4; lastKnownFileType = sourcecode.swift; path = AdRx.swift; sourceTree = "<group>"; };
		1BFEA6AD1E89281A0023807D /* LoginController.swift */ = {isa = PBXFileReference; fileEncoding = 4; lastKnownFileType = sourcecode.swift; path = LoginController.swift; sourceTree = "<group>"; };
		1BFEA6BD1E896E2D0023807D /* CreativesController.swift */ = {isa = PBXFileReference; fileEncoding = 4; lastKnownFileType = sourcecode.swift; path = CreativesController.swift; sourceTree = "<group>"; };
		1BFEA6BF1E8971CA0023807D /* CreativesViewModel.swift */ = {isa = PBXFileReference; fileEncoding = 4; lastKnownFileType = sourcecode.swift; path = CreativesViewModel.swift; sourceTree = "<group>"; };
		1BFEA6C11E8971D80023807D /* CreativesRow.swift */ = {isa = PBXFileReference; fileEncoding = 4; lastKnownFileType = sourcecode.swift; path = CreativesRow.swift; sourceTree = "<group>"; };
		1BFEA6F11E8AA6960023807D /* IntroController.swift */ = {isa = PBXFileReference; fileEncoding = 4; lastKnownFileType = sourcecode.swift; path = IntroController.swift; sourceTree = "<group>"; };
		6FC9DBAA3822ADB140692F37 /* Pods-AwesomeAdsDemo_Tests.release.xcconfig */ = {isa = PBXFileReference; includeInIndex = 1; lastKnownFileType = text.xcconfig; name = "Pods-AwesomeAdsDemo_Tests.release.xcconfig"; path = "Pods/Target Support Files/Pods-AwesomeAdsDemo_Tests/Pods-AwesomeAdsDemo_Tests.release.xcconfig"; sourceTree = "<group>"; };
		B0DC7217E31CDBD9E1D834E4 /* Pods-AwesomeAdsDemo.debug.xcconfig */ = {isa = PBXFileReference; includeInIndex = 1; lastKnownFileType = text.xcconfig; name = "Pods-AwesomeAdsDemo.debug.xcconfig"; path = "Pods/Target Support Files/Pods-AwesomeAdsDemo/Pods-AwesomeAdsDemo.debug.xcconfig"; sourceTree = "<group>"; };
		BEFF5B413D0F82675C69633B /* Pods-AwesomeAdsDemo_Tests.debug.xcconfig */ = {isa = PBXFileReference; includeInIndex = 1; lastKnownFileType = text.xcconfig; name = "Pods-AwesomeAdsDemo_Tests.debug.xcconfig"; path = "Pods/Target Support Files/Pods-AwesomeAdsDemo_Tests/Pods-AwesomeAdsDemo_Tests.debug.xcconfig"; sourceTree = "<group>"; };
		E3F5702359C203239A84065A /* Pods_AwesomeAdsDemo_Tests.framework */ = {isa = PBXFileReference; explicitFileType = wrapper.framework; includeInIndex = 0; path = Pods_AwesomeAdsDemo_Tests.framework; sourceTree = BUILT_PRODUCTS_DIR; };
/* End PBXFileReference section */

/* Begin PBXFrameworksBuildPhase section */
		1B46E60F1DE8445000353E8C /* Frameworks */ = {
			isa = PBXFrameworksBuildPhase;
			buildActionMask = 2147483647;
			files = (
				F8B9F3E8F7C56D3DE9379010 /* Pods_AwesomeAdsDemo.framework in Frameworks */,
			);
			runOnlyForDeploymentPostprocessing = 0;
		};
		1B993B451E0300E300EE5001 /* Frameworks */ = {
			isa = PBXFrameworksBuildPhase;
			buildActionMask = 2147483647;
			files = (
				A46DEE548FD973A1468758F8 /* Pods_AwesomeAdsDemo_Tests.framework in Frameworks */,
			);
			runOnlyForDeploymentPostprocessing = 0;
		};
/* End PBXFrameworksBuildPhase section */

/* Begin PBXGroup section */
		124E2EAAD5EF39A2FEDCA3B6 /* Pods */ = {
			isa = PBXGroup;
			children = (
				B0DC7217E31CDBD9E1D834E4 /* Pods-AwesomeAdsDemo.debug.xcconfig */,
				191FC589F141CFCC3A687886 /* Pods-AwesomeAdsDemo.release.xcconfig */,
				BEFF5B413D0F82675C69633B /* Pods-AwesomeAdsDemo_Tests.debug.xcconfig */,
				6FC9DBAA3822ADB140692F37 /* Pods-AwesomeAdsDemo_Tests.release.xcconfig */,
			);
			name = Pods;
			sourceTree = "<group>";
		};
		1B0A21F01DE8A68900E6C889 /* AdAux */ = {
			isa = PBXGroup;
			children = (
				1B0A21E91DE8A03000E6C889 /* AdFormat.swift */,
				1BFD63851DEF37B0003F7F31 /* AdRx.swift */,
			);
			name = AdAux;
			sourceTree = "<group>";
		};
		1B0A21F31DE8AD3700E6C889 /* Settings */ = {
			isa = PBXGroup;
			children = (
				1B0A21F41DE8AD4800E6C889 /* SettingsController.swift */,
				1B5635601DEC803C00EEA239 /* SettingsProvider.swift */,
			);
			name = Settings;
			sourceTree = "<group>";
		};
		1B2E9E7B1F7E922000128D75 /* PlacementRow */ = {
			isa = PBXGroup;
			children = (
				1B2E9E821F7E926E00128D75 /* PlacementRow.swift */,
				1B2E9E861F7E929F00128D75 /* PlacementViewModel.swift */,
			);
			name = PlacementRow;
			sourceTree = "<group>";
		};
		1B2E9E7C1F7E922700128D75 /* CompanyRow */ = {
			isa = PBXGroup;
			children = (
				1B904CA01F1384CD008254FB /* CompanyRow.swift */,
				1B2E9E9E1F83DBBF00128D75 /* CompanyViewModel.swift */,
			);
			name = CompanyRow;
			sourceTree = "<group>";
		};
		1B2E9E7D1F7E922D00128D75 /* CreativesRow */ = {
			isa = PBXGroup;
			children = (
				1BFEA6C11E8971D80023807D /* CreativesRow.swift */,
				1BFEA6BF1E8971CA0023807D /* CreativesViewModel.swift */,
			);
			name = CreativesRow;
			sourceTree = "<group>";
		};
		1B2E9E7E1F7E923800128D75 /* SettingsRow */ = {
			isa = PBXGroup;
			children = (
				1B56355E1DEC7E7C00EEA239 /* SettingsRow.swift */,
				1B5635621DEC804600EEA239 /* SettingsViewModel.swift */,
			);
			name = SettingsRow;
			sourceTree = "<group>";
		};
		1B2E9E881F7E979600128D75 /* App */ = {
			isa = PBXGroup;
			children = (
				1B2E9E891F7E97BE00128D75 /* Store.swift */,
				1B2E9E911F7E97E400128D75 /* State.swift */,
				1B2E9E8B1F7E97D100128D75 /* Events.swift */,
				1B2E9E8F1F7E97DE00128D75 /* Reducers.swift */,
			);
			name = App;
			sourceTree = "<group>";
		};
		1B2E9E931F83953B00128D75 /* Load */ = {
			isa = PBXGroup;
			children = (
				1B2E9E941F83954E00128D75 /* LoadController.swift */,
			);
			name = Load;
			sourceTree = "<group>";
		};
		1B46E6091DE8445000353E8C = {
			isa = PBXGroup;
			children = (
				1B46E6141DE8445000353E8C /* AwesomeAdsDemo */,
				1B993B491E0300E400EE5001 /* AwesomeAdsDemo_Tests */,
				1B46E6131DE8445000353E8C /* Products */,
				124E2EAAD5EF39A2FEDCA3B6 /* Pods */,
				C9DBC54624B568BAE0CD099F /* Frameworks */,
			);
			sourceTree = "<group>";
		};
		1B46E6131DE8445000353E8C /* Products */ = {
			isa = PBXGroup;
			children = (
				1B46E6121DE8445000353E8C /* AwesomeAdsDemo.app */,
				1B993B481E0300E300EE5001 /* AwesomeAdsDemo_Tests.xctest */,
			);
			name = Products;
			sourceTree = "<group>";
		};
		1B46E6141DE8445000353E8C /* AwesomeAdsDemo */ = {
			isa = PBXGroup;
			children = (
				1B904C5E1F0E7D0E008254FB /* Library */,
				1B904C801F0E8E2D008254FB /* Workers */,
				1B0A21F01DE8A68900E6C889 /* AdAux */,
				1B46E6311DE84C9F00353E8C /* Navigation */,
				1B46E62A1DE8494100353E8C /* Meta */,
				1B46E6291DE8493400353E8C /* Storyboard */,
				1B2E9E881F7E979600128D75 /* App */,
				1B46E6281DE8492700353E8C /* Views */,
				1B46E6271DE8491D00353E8C /* Delegate */,
			);
			path = AwesomeAdsDemo;
			sourceTree = "<group>";
		};
		1B46E6271DE8491D00353E8C /* Delegate */ = {
			isa = PBXGroup;
			children = (
				1B46E6151DE8445000353E8C /* AppDelegate.swift */,
			);
			name = Delegate;
			sourceTree = "<group>";
		};
		1B46E6281DE8492700353E8C /* Views */ = {
			isa = PBXGroup;
			children = (
				1B4A518C1DEDFEC20041DE7B /* SABaseViewController.swift */,
				1B2E9E9A1F83D88500128D75 /* SABaseViewController+Store.swift */,
				1BFEA6F01E8AA68C0023807D /* Intro */,
				1BFEA6AC1E8927FC0023807D /* Login */,
				1B2E9E931F83953B00128D75 /* Load */,
				1B6875291F0503E6003FC719 /* Main */,
				1B2E9E7B1F7E922000128D75 /* PlacementRow */,
				1B904C9D1F1384AC008254FB /* Companies */,
				1B2E9E7C1F7E922700128D75 /* CompanyRow */,
				1BFEA6BA1E896D420023807D /* Creatives */,
				1B2E9E7D1F7E922D00128D75 /* CreativesRow */,
				1B0A21F31DE8AD3700E6C889 /* Settings */,
				1B2E9E7E1F7E923800128D75 /* SettingsRow */,
				1B4A51891DEDEDC50041DE7B /* Display */,
			);
			name = Views;
			sourceTree = "<group>";
		};
		1B46E6291DE8493400353E8C /* Storyboard */ = {
			isa = PBXGroup;
			children = (
				1B46E61E1DE8445000353E8C /* LaunchScreen.storyboard */,
				1B46E6191DE8445000353E8C /* Main.storyboard */,
			);
			name = Storyboard;
			sourceTree = "<group>";
		};
		1B46E62A1DE8494100353E8C /* Meta */ = {
			isa = PBXGroup;
			children = (
				1B46E61C1DE8445000353E8C /* Assets.xcassets */,
				1B46E6211DE8445000353E8C /* Info.plist */,
				1B0A21ED1DE8A0F900E6C889 /* AwesomeAdsDemo-Bridging-Header.h */,
				1BBA88EB1DFFFE0B00C94553 /* Localizable.strings */,
			);
			name = Meta;
			sourceTree = "<group>";
		};
		1B46E6311DE84C9F00353E8C /* Navigation */ = {
			isa = PBXGroup;
			children = (
				1B520BAD1EAA42B9006FD05E /* SANavigationController.swift */,
				1BBA88EC1DFFFE2200C94553 /* SAString.swift */,
				1B974A141E016E3C00CE9EA7 /* SATextField.swift */,
			);
			name = Navigation;
			sourceTree = "<group>";
		};
		1B4A51891DEDEDC50041DE7B /* Display */ = {
			isa = PBXGroup;
			children = (
				1B4A518A1DEDEDD40041DE7B /* DisplayController.swift */,
			);
			name = Display;
			sourceTree = "<group>";
		};
		1B6875291F0503E6003FC719 /* Main */ = {
			isa = PBXGroup;
			children = (
				1B68752A1F0503F3003FC719 /* MainController.swift */,
				1B904C921F0FC912008254FB /* MainViewModel.swift */,
				1B2E9EA01F83E4E800128D75 /* MainDataSource.swift */,
			);
			name = Main;
			sourceTree = "<group>";
		};
		1B904C5E1F0E7D0E008254FB /* Library */ = {
			isa = PBXGroup;
			children = (
				1B904C8B1F0EA16E008254FB /* Extensions.swift */,
				1B904C7E1F0E8D58008254FB /* DataStore.swift */,
				1B904C5F1F0E7D39008254FB /* Request.swift */,
				1B904C611F0E7D4A008254FB /* Task.swift */,
				1B904C631F0E7D5E008254FB /* AAErrors.swift */,
				1B904C6F1F0E83F7008254FB /* Models */,
				1B904C6A1F0E8344008254FB /* Parse */,
				1B904C651F0E7DA4008254FB /* Network */,
			);
			name = Library;
			sourceTree = "<group>";
		};
		1B904C651F0E7DA4008254FB /* Network */ = {
			isa = PBXGroup;
			children = (
				1B904C661F0E7DB5008254FB /* NetworkRequest.swift */,
				1B904C681F0E7DBD008254FB /* NetworkTask.swift */,
			);
			name = Network;
			sourceTree = "<group>";
		};
		1B904C6A1F0E8344008254FB /* Parse */ = {
			isa = PBXGroup;
			children = (
				1B904C741F0E8705008254FB /* ParseTask.swift */,
			);
			name = Parse;
			sourceTree = "<group>";
		};
		1B904C6F1F0E83F7008254FB /* Models */ = {
			isa = PBXGroup;
			children = (
				1B904C891F0E9351008254FB /* UserMetadata.swift */,
				1B904C701F0E8404008254FB /* LogedUser.swift */,
				1B904C721F0E840B008254FB /* UserProfile.swift */,
				1B904C761F0E881F008254FB /* App.swift */,
				1B904C781F0E8840008254FB /* Placement.swift */,
				1B904C7A1F0E88B9008254FB /* Company.swift */,
				1B904C991F137CDF008254FB /* NetworkData.swift */,
				1B904CA21F139B85008254FB /* Permission.swift */,
			);
			name = Models;
			sourceTree = "<group>";
		};
		1B904C801F0E8E2D008254FB /* Workers */ = {
			isa = PBXGroup;
			children = (
				1B904C811F0E903D008254FB /* Workers.swift */,
				1B904C831F0E9051008254FB /* Workers+Login.swift */,
				1B904C851F0E9059008254FB /* Workers+Profile.swift */,
				1B904C871F0E9062008254FB /* Workers+Apps.swift */,
				1B904C9B1F138216008254FB /* Workers+Companies.swift */,
			);
			name = Workers;
			sourceTree = "<group>";
		};
		1B904C9D1F1384AC008254FB /* Companies */ = {
			isa = PBXGroup;
			children = (
				1B904C9E1F1384BA008254FB /* CompaniesController.swift */,
				1B2E9E961F83D2D500128D75 /* CompaniesViewModel.swift */,
				1B2E9E9C1F83DB9000128D75 /* CompaniesDataSource.swift */,
			);
			name = Companies;
			sourceTree = "<group>";
		};
		1B993B491E0300E400EE5001 /* AwesomeAdsDemo_Tests */ = {
			isa = PBXGroup;
			children = (
				1B993B4A1E0300E400EE5001 /* AwesomeAdsDemo_Tests.swift */,
				1B993B4C1E0300E400EE5001 /* Info.plist */,
			);
			path = AwesomeAdsDemo_Tests;
			sourceTree = "<group>";
		};
		1BFEA6AC1E8927FC0023807D /* Login */ = {
			isa = PBXGroup;
			children = (
				1BFEA6AD1E89281A0023807D /* LoginController.swift */,
			);
			name = Login;
			sourceTree = "<group>";
		};
		1BFEA6BA1E896D420023807D /* Creatives */ = {
			isa = PBXGroup;
			children = (
				1BFEA6BD1E896E2D0023807D /* CreativesController.swift */,
			);
			name = Creatives;
			sourceTree = "<group>";
		};
		1BFEA6F01E8AA68C0023807D /* Intro */ = {
			isa = PBXGroup;
			children = (
				1BFEA6F11E8AA6960023807D /* IntroController.swift */,
			);
			name = Intro;
			sourceTree = "<group>";
		};
		C9DBC54624B568BAE0CD099F /* Frameworks */ = {
			isa = PBXGroup;
			children = (
				008D1EB627B2B25BBA775A79 /* Pods_AwesomeAdsDemo.framework */,
				E3F5702359C203239A84065A /* Pods_AwesomeAdsDemo_Tests.framework */,
			);
			name = Frameworks;
			sourceTree = "<group>";
		};
/* End PBXGroup section */

/* Begin PBXNativeTarget section */
		1B46E6111DE8445000353E8C /* AwesomeAdsDemo */ = {
			isa = PBXNativeTarget;
			buildConfigurationList = 1B46E6241DE8445000353E8C /* Build configuration list for PBXNativeTarget "AwesomeAdsDemo" */;
			buildPhases = (
				ED393D0CF80D97220CB2436E /* [CP] Check Pods Manifest.lock */,
				1B46E60E1DE8445000353E8C /* Sources */,
				1B46E60F1DE8445000353E8C /* Frameworks */,
				1B46E6101DE8445000353E8C /* Resources */,
				23C79A0AFBD8C4E1670CC99F /* [CP] Embed Pods Frameworks */,
				01E25FED3E988E2F76818B33 /* [CP] Copy Pods Resources */,
				1B2E9E5B1F7E7FB300128D75 /* ShellScript */,
			);
			buildRules = (
			);
			dependencies = (
			);
			name = AwesomeAdsDemo;
			productName = AwesomeAdsDemo;
			productReference = 1B46E6121DE8445000353E8C /* AwesomeAdsDemo.app */;
			productType = "com.apple.product-type.application";
		};
		1B993B471E0300E300EE5001 /* AwesomeAdsDemo_Tests */ = {
			isa = PBXNativeTarget;
			buildConfigurationList = 1B993B511E0300E400EE5001 /* Build configuration list for PBXNativeTarget "AwesomeAdsDemo_Tests" */;
			buildPhases = (
				D2E2ABF87B93CDA2C5A21DB4 /* [CP] Check Pods Manifest.lock */,
				1B993B441E0300E300EE5001 /* Sources */,
				1B993B451E0300E300EE5001 /* Frameworks */,
				1B993B461E0300E300EE5001 /* Resources */,
				6110AF7F5081B3E5056758CC /* [CP] Embed Pods Frameworks */,
				B0D02A6B9E601E26ECCECB36 /* [CP] Copy Pods Resources */,
			);
			buildRules = (
			);
			dependencies = (
				1B993B4E1E0300E400EE5001 /* PBXTargetDependency */,
			);
			name = AwesomeAdsDemo_Tests;
			productName = AwesomeAdsDemo_Tests;
			productReference = 1B993B481E0300E300EE5001 /* AwesomeAdsDemo_Tests.xctest */;
			productType = "com.apple.product-type.bundle.unit-test";
		};
/* End PBXNativeTarget section */

/* Begin PBXProject section */
		1B46E60A1DE8445000353E8C /* Project object */ = {
			isa = PBXProject;
			attributes = {
				LastSwiftUpdateCheck = 0800;
				LastUpgradeCheck = 0800;
				ORGANIZATIONNAME = "Gabriel Coman";
				TargetAttributes = {
					1B46E6111DE8445000353E8C = {
						CreatedOnToolsVersion = 8.0;
						DevelopmentTeam = DCC9L689QJ;
						LastSwiftMigration = 0800;
						ProvisioningStyle = Automatic;
					};
					1B993B471E0300E300EE5001 = {
						CreatedOnToolsVersion = 8.0;
						ProvisioningStyle = Automatic;
						TestTargetID = 1B46E6111DE8445000353E8C;
					};
				};
			};
			buildConfigurationList = 1B46E60D1DE8445000353E8C /* Build configuration list for PBXProject "AwesomeAdsDemo" */;
			compatibilityVersion = "Xcode 3.2";
			developmentRegion = English;
			hasScannedForEncodings = 0;
			knownRegions = (
				en,
				Base,
			);
			mainGroup = 1B46E6091DE8445000353E8C;
			productRefGroup = 1B46E6131DE8445000353E8C /* Products */;
			projectDirPath = "";
			projectRoot = "";
			targets = (
				1B46E6111DE8445000353E8C /* AwesomeAdsDemo */,
				1B993B471E0300E300EE5001 /* AwesomeAdsDemo_Tests */,
			);
		};
/* End PBXProject section */

/* Begin PBXResourcesBuildPhase section */
		1B46E6101DE8445000353E8C /* Resources */ = {
			isa = PBXResourcesBuildPhase;
			buildActionMask = 2147483647;
			files = (
				1B46E6201DE8445000353E8C /* LaunchScreen.storyboard in Resources */,
				1BBA88E91DFFFE0B00C94553 /* Localizable.strings in Resources */,
				1B46E61D1DE8445000353E8C /* Assets.xcassets in Resources */,
				1B46E61B1DE8445000353E8C /* Main.storyboard in Resources */,
			);
			runOnlyForDeploymentPostprocessing = 0;
		};
		1B993B461E0300E300EE5001 /* Resources */ = {
			isa = PBXResourcesBuildPhase;
			buildActionMask = 2147483647;
			files = (
			);
			runOnlyForDeploymentPostprocessing = 0;
		};
/* End PBXResourcesBuildPhase section */

/* Begin PBXShellScriptBuildPhase section */
		01E25FED3E988E2F76818B33 /* [CP] Copy Pods Resources */ = {
			isa = PBXShellScriptBuildPhase;
			buildActionMask = 2147483647;
			files = (
			);
			inputPaths = (
			);
			name = "[CP] Copy Pods Resources";
			outputPaths = (
			);
			runOnlyForDeploymentPostprocessing = 0;
			shellPath = /bin/sh;
			shellScript = "\"${SRCROOT}/Pods/Target Support Files/Pods-AwesomeAdsDemo/Pods-AwesomeAdsDemo-resources.sh\"\n";
			showEnvVarsInLog = 0;
		};
		1B2E9E5B1F7E7FB300128D75 /* ShellScript */ = {
			isa = PBXShellScriptBuildPhase;
			buildActionMask = 2147483647;
			files = (
			);
			inputPaths = (
			);
			outputPaths = (
			);
			runOnlyForDeploymentPostprocessing = 0;
			shellPath = /bin/sh;
			shellScript = "\"${PODS_ROOT}/Fabric/run\" 81d050ccd36aeca829219e118905b3f96a05ee7a fbd067f165dd406ab625f6cdf6cf417e6d43587d72284d9cffbfc49b91265950";
		};
		23C79A0AFBD8C4E1670CC99F /* [CP] Embed Pods Frameworks */ = {
			isa = PBXShellScriptBuildPhase;
			buildActionMask = 2147483647;
			files = (
			);
			inputPaths = (
			);
			name = "[CP] Embed Pods Frameworks";
			outputPaths = (
			);
			runOnlyForDeploymentPostprocessing = 0;
			shellPath = /bin/sh;
			shellScript = "\"${SRCROOT}/Pods/Target Support Files/Pods-AwesomeAdsDemo/Pods-AwesomeAdsDemo-frameworks.sh\"\n";
			showEnvVarsInLog = 0;
		};
		6110AF7F5081B3E5056758CC /* [CP] Embed Pods Frameworks */ = {
			isa = PBXShellScriptBuildPhase;
			buildActionMask = 2147483647;
			files = (
			);
			inputPaths = (
			);
			name = "[CP] Embed Pods Frameworks";
			outputPaths = (
			);
			runOnlyForDeploymentPostprocessing = 0;
			shellPath = /bin/sh;
			shellScript = "\"${SRCROOT}/Pods/Target Support Files/Pods-AwesomeAdsDemo_Tests/Pods-AwesomeAdsDemo_Tests-frameworks.sh\"\n";
			showEnvVarsInLog = 0;
		};
		B0D02A6B9E601E26ECCECB36 /* [CP] Copy Pods Resources */ = {
			isa = PBXShellScriptBuildPhase;
			buildActionMask = 2147483647;
			files = (
			);
			inputPaths = (
			);
			name = "[CP] Copy Pods Resources";
			outputPaths = (
			);
			runOnlyForDeploymentPostprocessing = 0;
			shellPath = /bin/sh;
			shellScript = "\"${SRCROOT}/Pods/Target Support Files/Pods-AwesomeAdsDemo_Tests/Pods-AwesomeAdsDemo_Tests-resources.sh\"\n";
			showEnvVarsInLog = 0;
		};
		D2E2ABF87B93CDA2C5A21DB4 /* [CP] Check Pods Manifest.lock */ = {
			isa = PBXShellScriptBuildPhase;
			buildActionMask = 2147483647;
			files = (
			);
			inputPaths = (
			);
			name = "[CP] Check Pods Manifest.lock";
			outputPaths = (
			);
			runOnlyForDeploymentPostprocessing = 0;
			shellPath = /bin/sh;
			shellScript = "diff \"${PODS_PODFILE_DIR_PATH}/Podfile.lock\" \"${PODS_ROOT}/Manifest.lock\" > /dev/null\nif [ $? != 0 ] ; then\n    # print error to STDERR\n    echo \"error: The sandbox is not in sync with the Podfile.lock. Run 'pod install' or update your CocoaPods installation.\" >&2\n    exit 1\nfi\n";
			showEnvVarsInLog = 0;
		};
		ED393D0CF80D97220CB2436E /* [CP] Check Pods Manifest.lock */ = {
			isa = PBXShellScriptBuildPhase;
			buildActionMask = 2147483647;
			files = (
			);
			inputPaths = (
			);
			name = "[CP] Check Pods Manifest.lock";
			outputPaths = (
			);
			runOnlyForDeploymentPostprocessing = 0;
			shellPath = /bin/sh;
			shellScript = "diff \"${PODS_PODFILE_DIR_PATH}/Podfile.lock\" \"${PODS_ROOT}/Manifest.lock\" > /dev/null\nif [ $? != 0 ] ; then\n    # print error to STDERR\n    echo \"error: The sandbox is not in sync with the Podfile.lock. Run 'pod install' or update your CocoaPods installation.\" >&2\n    exit 1\nfi\n";
			showEnvVarsInLog = 0;
		};
/* End PBXShellScriptBuildPhase section */

/* Begin PBXSourcesBuildPhase section */
		1B46E60E1DE8445000353E8C /* Sources */ = {
			isa = PBXSourcesBuildPhase;
			buildActionMask = 2147483647;
			files = (
				1B904C731F0E840B008254FB /* UserProfile.swift in Sources */,
				1B904C711F0E8404008254FB /* LogedUser.swift in Sources */,
				1B2E9E8A1F7E97BE00128D75 /* Store.swift in Sources */,
				1B904C7B1F0E88B9008254FB /* Company.swift in Sources */,
				1B904C931F0FC912008254FB /* MainViewModel.swift in Sources */,
				1BFD63861DEF37B0003F7F31 /* AdRx.swift in Sources */,
				1B904C791F0E8840008254FB /* Placement.swift in Sources */,
				1B904C841F0E9051008254FB /* Workers+Login.swift in Sources */,
				1B904C9C1F138216008254FB /* Workers+Companies.swift in Sources */,
				1B904C691F0E7DBD008254FB /* NetworkTask.swift in Sources */,
				1B904C601F0E7D39008254FB /* Request.swift in Sources */,
				1B68752B1F0503F3003FC719 /* MainController.swift in Sources */,
				1B0A21EA1DE8A03000E6C889 /* AdFormat.swift in Sources */,
				1B904C621F0E7D4A008254FB /* Task.swift in Sources */,
				1B2E9E901F7E97DE00128D75 /* Reducers.swift in Sources */,
				1B5635631DEC804600EEA239 /* SettingsViewModel.swift in Sources */,
				1BFEA6BE1E896E2D0023807D /* CreativesController.swift in Sources */,
				1B904C8A1F0E9351008254FB /* UserMetadata.swift in Sources */,
				1B2E9E9D1F83DB9000128D75 /* CompaniesDataSource.swift in Sources */,
				1B5635611DEC803C00EEA239 /* SettingsProvider.swift in Sources */,
				1B2E9E831F7E926E00128D75 /* PlacementRow.swift in Sources */,
				1B2E9E971F83D2D500128D75 /* CompaniesViewModel.swift in Sources */,
				1B904C641F0E7D5E008254FB /* AAErrors.swift in Sources */,
				1BBA88ED1DFFFE2200C94553 /* SAString.swift in Sources */,
				1B2E9E9F1F83DBBF00128D75 /* CompanyViewModel.swift in Sources */,
				1B2E9E871F7E929F00128D75 /* PlacementViewModel.swift in Sources */,
				1B904C821F0E903D008254FB /* Workers.swift in Sources */,
				1BFEA6AE1E89281A0023807D /* LoginController.swift in Sources */,
				1B974A151E016E3C00CE9EA7 /* SATextField.swift in Sources */,
				1B56355F1DEC7E7C00EEA239 /* SettingsRow.swift in Sources */,
				1B904C671F0E7DB5008254FB /* NetworkRequest.swift in Sources */,
				1B0A21F51DE8AD4800E6C889 /* SettingsController.swift in Sources */,
				1B4A518B1DEDEDD40041DE7B /* DisplayController.swift in Sources */,
				1B904C771F0E881F008254FB /* App.swift in Sources */,
				1BFEA6C01E8971CA0023807D /* CreativesViewModel.swift in Sources */,
				1B2E9EA11F83E4E800128D75 /* MainDataSource.swift in Sources */,
				1B2E9E921F7E97E400128D75 /* State.swift in Sources */,
				1B2E9E951F83954E00128D75 /* LoadController.swift in Sources */,
				1BFEA6F21E8AA6960023807D /* IntroController.swift in Sources */,
				1B904C9A1F137CDF008254FB /* NetworkData.swift in Sources */,
				1B904CA31F139B85008254FB /* Permission.swift in Sources */,
				1B46E6161DE8445000353E8C /* AppDelegate.swift in Sources */,
				1B904C9F1F1384BA008254FB /* CompaniesController.swift in Sources */,
				1B2E9E8C1F7E97D100128D75 /* Events.swift in Sources */,
				1B904C861F0E9059008254FB /* Workers+Profile.swift in Sources */,
				1B2E9E9B1F83D88500128D75 /* SABaseViewController+Store.swift in Sources */,
				1BFEA6C21E8971D80023807D /* CreativesRow.swift in Sources */,
				1B4A518D1DEDFEC20041DE7B /* SABaseViewController.swift in Sources */,
				1B904CA11F1384CD008254FB /* CompanyRow.swift in Sources */,
				1B520BAE1EAA42B9006FD05E /* SANavigationController.swift in Sources */,
				1B904C8C1F0EA16E008254FB /* Extensions.swift in Sources */,
				1B904C881F0E9062008254FB /* Workers+Apps.swift in Sources */,
				1B904C7F1F0E8D58008254FB /* DataStore.swift in Sources */,
				1B904C751F0E8705008254FB /* ParseTask.swift in Sources */,
			);
			runOnlyForDeploymentPostprocessing = 0;
		};
		1B993B441E0300E300EE5001 /* Sources */ = {
			isa = PBXSourcesBuildPhase;
			buildActionMask = 2147483647;
			files = (
				1B993B4B1E0300E400EE5001 /* AwesomeAdsDemo_Tests.swift in Sources */,
			);
			runOnlyForDeploymentPostprocessing = 0;
		};
/* End PBXSourcesBuildPhase section */

/* Begin PBXTargetDependency section */
		1B993B4E1E0300E400EE5001 /* PBXTargetDependency */ = {
			isa = PBXTargetDependency;
			target = 1B46E6111DE8445000353E8C /* AwesomeAdsDemo */;
			targetProxy = 1B993B4D1E0300E400EE5001 /* PBXContainerItemProxy */;
		};
/* End PBXTargetDependency section */

/* Begin PBXVariantGroup section */
		1B46E6191DE8445000353E8C /* Main.storyboard */ = {
			isa = PBXVariantGroup;
			children = (
				1B46E61A1DE8445000353E8C /* Base */,
				1BBA88E61DFFFD5700C94553 /* en */,
			);
			name = Main.storyboard;
			sourceTree = "<group>";
		};
		1B46E61E1DE8445000353E8C /* LaunchScreen.storyboard */ = {
			isa = PBXVariantGroup;
			children = (
				1B46E61F1DE8445000353E8C /* Base */,
			);
			name = LaunchScreen.storyboard;
			sourceTree = "<group>";
		};
		1BBA88EB1DFFFE0B00C94553 /* Localizable.strings */ = {
			isa = PBXVariantGroup;
			children = (
				1BBA88EA1DFFFE0B00C94553 /* Base */,
			);
			name = Localizable.strings;
			sourceTree = "<group>";
		};
/* End PBXVariantGroup section */

/* Begin XCBuildConfiguration section */
		1B46E6221DE8445000353E8C /* Debug */ = {
			isa = XCBuildConfiguration;
			buildSettings = {
				ALWAYS_SEARCH_USER_PATHS = NO;
				CLANG_ANALYZER_NONNULL = YES;
				CLANG_CXX_LANGUAGE_STANDARD = "gnu++0x";
				CLANG_CXX_LIBRARY = "libc++";
				CLANG_ENABLE_MODULES = YES;
				CLANG_ENABLE_OBJC_ARC = YES;
				CLANG_WARN_BOOL_CONVERSION = YES;
				CLANG_WARN_CONSTANT_CONVERSION = YES;
				CLANG_WARN_DIRECT_OBJC_ISA_USAGE = YES_ERROR;
				CLANG_WARN_DOCUMENTATION_COMMENTS = YES;
				CLANG_WARN_EMPTY_BODY = YES;
				CLANG_WARN_ENUM_CONVERSION = YES;
				CLANG_WARN_INFINITE_RECURSION = YES;
				CLANG_WARN_INT_CONVERSION = YES;
				CLANG_WARN_OBJC_ROOT_CLASS = YES_ERROR;
				CLANG_WARN_SUSPICIOUS_MOVE = YES;
				CLANG_WARN_SUSPICIOUS_MOVES = YES;
				CLANG_WARN_UNREACHABLE_CODE = YES;
				CLANG_WARN__DUPLICATE_METHOD_MATCH = YES;
				CODE_SIGN_IDENTITY = "iPhone Distribution: SuperAwesome Ltd (DCC9L689QJ)";
				"CODE_SIGN_IDENTITY[sdk=iphoneos*]" = "iPhone Distribution: SuperAwesome Ltd (DCC9L689QJ)";
				COPY_PHASE_STRIP = NO;
				DEBUG_INFORMATION_FORMAT = dwarf;
				ENABLE_STRICT_OBJC_MSGSEND = YES;
				ENABLE_TESTABILITY = YES;
				GCC_C_LANGUAGE_STANDARD = gnu99;
				GCC_DYNAMIC_NO_PIC = NO;
				GCC_NO_COMMON_BLOCKS = YES;
				GCC_OPTIMIZATION_LEVEL = 0;
				GCC_PREPROCESSOR_DEFINITIONS = (
					"DEBUG=1",
					"$(inherited)",
				);
				GCC_WARN_64_TO_32_BIT_CONVERSION = YES;
				GCC_WARN_ABOUT_RETURN_TYPE = YES_ERROR;
				GCC_WARN_UNDECLARED_SELECTOR = YES;
				GCC_WARN_UNINITIALIZED_AUTOS = YES_AGGRESSIVE;
				GCC_WARN_UNUSED_FUNCTION = YES;
				GCC_WARN_UNUSED_VARIABLE = YES;
				IPHONEOS_DEPLOYMENT_TARGET = 10.0;
				MTL_ENABLE_DEBUG_INFO = YES;
				ONLY_ACTIVE_ARCH = YES;
				PROVISIONING_PROFILE = "287313fc-98c3-473f-bd8e-e8576cf57821";
				SDKROOT = iphoneos;
				SWIFT_ACTIVE_COMPILATION_CONDITIONS = DEBUG;
				SWIFT_OBJC_BRIDGING_HEADER = "AwesomeAdsDemo/AwesomeAdsDemo-Bridging-Header.h";
				SWIFT_OPTIMIZATION_LEVEL = "-Onone";
				TARGETED_DEVICE_FAMILY = "1,2";
			};
			name = Debug;
		};
		1B46E6231DE8445000353E8C /* Release */ = {
			isa = XCBuildConfiguration;
			buildSettings = {
				ALWAYS_SEARCH_USER_PATHS = NO;
				CLANG_ANALYZER_NONNULL = YES;
				CLANG_CXX_LANGUAGE_STANDARD = "gnu++0x";
				CLANG_CXX_LIBRARY = "libc++";
				CLANG_ENABLE_MODULES = YES;
				CLANG_ENABLE_OBJC_ARC = YES;
				CLANG_WARN_BOOL_CONVERSION = YES;
				CLANG_WARN_CONSTANT_CONVERSION = YES;
				CLANG_WARN_DIRECT_OBJC_ISA_USAGE = YES_ERROR;
				CLANG_WARN_DOCUMENTATION_COMMENTS = YES;
				CLANG_WARN_EMPTY_BODY = YES;
				CLANG_WARN_ENUM_CONVERSION = YES;
				CLANG_WARN_INFINITE_RECURSION = YES;
				CLANG_WARN_INT_CONVERSION = YES;
				CLANG_WARN_OBJC_ROOT_CLASS = YES_ERROR;
				CLANG_WARN_SUSPICIOUS_MOVE = YES;
				CLANG_WARN_SUSPICIOUS_MOVES = YES;
				CLANG_WARN_UNREACHABLE_CODE = YES;
				CLANG_WARN__DUPLICATE_METHOD_MATCH = YES;
				CODE_SIGN_IDENTITY = "iPhone Distribution: SuperAwesome Ltd (DCC9L689QJ)";
				"CODE_SIGN_IDENTITY[sdk=iphoneos*]" = "iPhone Distribution: SuperAwesome Ltd (DCC9L689QJ)";
				COPY_PHASE_STRIP = NO;
				DEBUG_INFORMATION_FORMAT = "dwarf-with-dsym";
				ENABLE_NS_ASSERTIONS = NO;
				ENABLE_STRICT_OBJC_MSGSEND = YES;
				GCC_C_LANGUAGE_STANDARD = gnu99;
				GCC_NO_COMMON_BLOCKS = YES;
				GCC_WARN_64_TO_32_BIT_CONVERSION = YES;
				GCC_WARN_ABOUT_RETURN_TYPE = YES_ERROR;
				GCC_WARN_UNDECLARED_SELECTOR = YES;
				GCC_WARN_UNINITIALIZED_AUTOS = YES_AGGRESSIVE;
				GCC_WARN_UNUSED_FUNCTION = YES;
				GCC_WARN_UNUSED_VARIABLE = YES;
				IPHONEOS_DEPLOYMENT_TARGET = 10.0;
				MTL_ENABLE_DEBUG_INFO = NO;
				PROVISIONING_PROFILE = "287313fc-98c3-473f-bd8e-e8576cf57821";
				SDKROOT = iphoneos;
				SWIFT_OBJC_BRIDGING_HEADER = "AwesomeAdsDemo/AwesomeAdsDemo-Bridging-Header.h";
				SWIFT_OPTIMIZATION_LEVEL = "-Owholemodule";
				TARGETED_DEVICE_FAMILY = "1,2";
				VALIDATE_PRODUCT = YES;
			};
			name = Release;
		};
		1B46E6251DE8445000353E8C /* Debug */ = {
			isa = XCBuildConfiguration;
			baseConfigurationReference = B0DC7217E31CDBD9E1D834E4 /* Pods-AwesomeAdsDemo.debug.xcconfig */;
			buildSettings = {
				ASSETCATALOG_COMPILER_APPICON_NAME = AppIcon;
				CLANG_ENABLE_MODULES = YES;
				CODE_SIGN_IDENTITY = "iPhone Distribution: SuperAwesome Ltd (DCC9L689QJ)";
				"CODE_SIGN_IDENTITY[sdk=iphoneos*]" = "iPhone Developer";
				DEVELOPMENT_TEAM = DCC9L689QJ;
				INFOPLIST_FILE = AwesomeAdsDemo/Info.plist;
				IPHONEOS_DEPLOYMENT_TARGET = 9.0;
				LD_RUNPATH_SEARCH_PATHS = "$(inherited) @executable_path/Frameworks";
				PRODUCT_BUNDLE_IDENTIFIER = tv.superawesome.AwesomeAdsDemo;
				PRODUCT_NAME = "$(TARGET_NAME)";
				PROVISIONING_PROFILE = "";
				PROVISIONING_PROFILE_SPECIFIER = "";
				SWIFT_OBJC_BRIDGING_HEADER = "AwesomeAdsDemo/AwesomeAdsDemo-Bridging-Header.h";
				SWIFT_OPTIMIZATION_LEVEL = "-Onone";
				SWIFT_VERSION = 3.0;
				TARGETED_DEVICE_FAMILY = "1,2";
			};
			name = Debug;
		};
		1B46E6261DE8445000353E8C /* Release */ = {
			isa = XCBuildConfiguration;
			baseConfigurationReference = 191FC589F141CFCC3A687886 /* Pods-AwesomeAdsDemo.release.xcconfig */;
			buildSettings = {
				ASSETCATALOG_COMPILER_APPICON_NAME = AppIcon;
				CLANG_ENABLE_MODULES = YES;
				CODE_SIGN_IDENTITY = "iPhone Distribution: SuperAwesome Ltd (DCC9L689QJ)";
				"CODE_SIGN_IDENTITY[sdk=iphoneos*]" = "iPhone Developer";
				DEVELOPMENT_TEAM = DCC9L689QJ;
				INFOPLIST_FILE = AwesomeAdsDemo/Info.plist;
				IPHONEOS_DEPLOYMENT_TARGET = 9.0;
				LD_RUNPATH_SEARCH_PATHS = "$(inherited) @executable_path/Frameworks";
				PRODUCT_BUNDLE_IDENTIFIER = tv.superawesome.AwesomeAdsDemo;
				PRODUCT_NAME = "$(TARGET_NAME)";
				PROVISIONING_PROFILE = "";
				PROVISIONING_PROFILE_SPECIFIER = "";
				SWIFT_OBJC_BRIDGING_HEADER = "AwesomeAdsDemo/AwesomeAdsDemo-Bridging-Header.h";
				SWIFT_VERSION = 3.0;
				TARGETED_DEVICE_FAMILY = "1,2";
			};
			name = Release;
		};
		1B993B4F1E0300E400EE5001 /* Debug */ = {
			isa = XCBuildConfiguration;
			baseConfigurationReference = BEFF5B413D0F82675C69633B /* Pods-AwesomeAdsDemo_Tests.debug.xcconfig */;
			buildSettings = {
				BUNDLE_LOADER = "$(TEST_HOST)";
				INFOPLIST_FILE = AwesomeAdsDemo_Tests/Info.plist;
				LD_RUNPATH_SEARCH_PATHS = "$(inherited) @executable_path/Frameworks @loader_path/Frameworks";
				PRODUCT_BUNDLE_IDENTIFIER = "tv.superawesome.AwesomeAdsDemo-Tests";
				PRODUCT_NAME = "$(TARGET_NAME)";
				SWIFT_VERSION = 3.0;
				TEST_HOST = "$(BUILT_PRODUCTS_DIR)/AwesomeAdsDemo.app/AwesomeAdsDemo";
			};
			name = Debug;
		};
		1B993B501E0300E400EE5001 /* Release */ = {
			isa = XCBuildConfiguration;
			baseConfigurationReference = 6FC9DBAA3822ADB140692F37 /* Pods-AwesomeAdsDemo_Tests.release.xcconfig */;
			buildSettings = {
				BUNDLE_LOADER = "$(TEST_HOST)";
				INFOPLIST_FILE = AwesomeAdsDemo_Tests/Info.plist;
				LD_RUNPATH_SEARCH_PATHS = "$(inherited) @executable_path/Frameworks @loader_path/Frameworks";
				PRODUCT_BUNDLE_IDENTIFIER = "tv.superawesome.AwesomeAdsDemo-Tests";
				PRODUCT_NAME = "$(TARGET_NAME)";
				SWIFT_VERSION = 3.0;
				TEST_HOST = "$(BUILT_PRODUCTS_DIR)/AwesomeAdsDemo.app/AwesomeAdsDemo";
			};
			name = Release;
		};
/* End XCBuildConfiguration section */

/* Begin XCConfigurationList section */
		1B46E60D1DE8445000353E8C /* Build configuration list for PBXProject "AwesomeAdsDemo" */ = {
			isa = XCConfigurationList;
			buildConfigurations = (
				1B46E6221DE8445000353E8C /* Debug */,
				1B46E6231DE8445000353E8C /* Release */,
			);
			defaultConfigurationIsVisible = 0;
			defaultConfigurationName = Release;
		};
		1B46E6241DE8445000353E8C /* Build configuration list for PBXNativeTarget "AwesomeAdsDemo" */ = {
			isa = XCConfigurationList;
			buildConfigurations = (
				1B46E6251DE8445000353E8C /* Debug */,
				1B46E6261DE8445000353E8C /* Release */,
			);
			defaultConfigurationIsVisible = 0;
			defaultConfigurationName = Release;
		};
		1B993B511E0300E400EE5001 /* Build configuration list for PBXNativeTarget "AwesomeAdsDemo_Tests" */ = {
			isa = XCConfigurationList;
			buildConfigurations = (
				1B993B4F1E0300E400EE5001 /* Debug */,
				1B993B501E0300E400EE5001 /* Release */,
			);
			defaultConfigurationIsVisible = 0;
			defaultConfigurationName = Release;
		};
/* End XCConfigurationList section */
	};
	rootObject = 1B46E60A1DE8445000353E8C /* Project object */;
}
